
Microsoft Visual Studio Solution File, Format Version 11.00
# Visual Studio 2010
Project("{FAE04EC0-301F-11D3-BF4B-00C04F79EFBC}") = "Northwind.UI.WPF", "Northwind.UI.WPF.csproj", "{C43A0A25-4A70-48BC-A5A1-7BF44B81AB98}"
EndProject
Project("{FAE04EC0-301F-11D3-BF4B-00C04F79EFBC}") = "Northwind.ViewModel", "..\Northwind.ViewModel\Northwind.ViewModel.csproj", "{CD005BE8-B2CB-4AE1-B5ED-30F4644885AE}"
EndProject
Project("{FAE04EC0-301F-11D3-BF4B-00C04F79EFBC}") = "Northwind.Data", "..\Northwind.Data\Northwind.Data.csproj", "{A89A1252-3F50-4F7E-ACBC-DAA46F4F7BFF}"
EndProject
Project("{FAE04EC0-301F-11D3-BF4B-00C04F79EFBC}") = "Northwind.Application", "Northwind.Application\Northwind.Application.csproj", "{67D11ED1-BC0D-4BCA-80CE-C66B709CF14D}"
EndProject
Global
	GlobalSection(SolutionConfigurationPlatforms) = preSolution
		Debug|Any CPU = Debug|Any CPU
		Debug|Mixed Platforms = Debug|Mixed Platforms
		Debug|x86 = Debug|x86
		Release|Any CPU = Release|Any CPU
		Release|Mixed Platforms = Release|Mixed Platforms
		Release|x86 = Release|x86
	EndGlobalSection
	GlobalSection(ProjectConfigurationPlatforms) = postSolution
		{C43A0A25-4A70-48BC-A5A1-7BF44B81AB98}.Debug|Any CPU.ActiveCfg = Debug|x86
		{C43A0A25-4A70-48BC-A5A1-7BF44B81AB98}.Debug|Mixed Platforms.ActiveCfg = Debug|x86
		{C43A0A25-4A70-48BC-A5A1-7BF44B81AB98}.Debug|Mixed Platforms.Build.0 = Debug|x86
		{C43A0A25-4A70-48BC-A5A1-7BF44B81AB98}.Debug|x86.ActiveCfg = Debug|x86
		{C43A0A25-4A70-48BC-A5A1-7BF44B81AB98}.Debug|x86.Build.0 = Debug|x86
		{C43A0A25-4A70-48BC-A5A1-7BF44B81AB98}.Release|Any CPU.ActiveCfg = Release|x86
		{C43A0A25-4A70-48BC-A5A1-7BF44B81AB98}.Release|Mixed Platforms.ActiveCfg = Release|x86
		{C43A0A25-4A70-48BC-A5A1-7BF44B81AB98}.Release|Mixed Platforms.Build.0 = Release|x86
		{C43A0A25-4A70-48BC-A5A1-7BF44B81AB98}.Release|x86.ActiveCfg = Release|x86
		{C43A0A25-4A70-48BC-A5A1-7BF44B81AB98}.Release|x86.Build.0 = Release|x86
		{CD005BE8-B2CB-4AE1-B5ED-30F4644885AE}.Debug|Any CPU.ActiveCfg = Debug|Any CPU
		{CD005BE8-B2CB-4AE1-B5ED-30F4644885AE}.Debug|Any CPU.Build.0 = Debug|Any CPU
		{CD005BE8-B2CB-4AE1-B5ED-30F4644885AE}.Debug|Mixed Platforms.ActiveCfg = Debug|Any CPU
		{CD005BE8-B2CB-4AE1-B5ED-30F4644885AE}.Debug|Mixed Platforms.Build.0 = Debug|Any CPU
		{CD005BE8-B2CB-4AE1-B5ED-30F4644885AE}.Debug|x86.ActiveCfg = Debug|Any CPU
		{CD005BE8-B2CB-4AE1-B5ED-30F4644885AE}.Release|Any CPU.ActiveCfg = Release|Any CPU
		{CD005BE8-B2CB-4AE1-B5ED-30F4644885AE}.Release|Any CPU.Build.0 = Release|Any CPU
		{CD005BE8-B2CB-4AE1-B5ED-30F4644885AE}.Release|Mixed Platforms.ActiveCfg = Release|Any CPU
		{CD005BE8-B2CB-4AE1-B5ED-30F4644885AE}.Release|Mixed Platforms.Build.0 = Release|Any CPU
		{CD005BE8-B2CB-4AE1-B5ED-30F4644885AE}.Release|x86.ActiveCfg = Release|Any CPU
		{A89A1252-3F50-4F7E-ACBC-DAA46F4F7BFF}.Debug|Any CPU.ActiveCfg = Debug|Any CPU
		{A89A1252-3F50-4F7E-ACBC-DAA46F4F7BFF}.Debug|Any CPU.Build.0 = Debug|Any CPU
		{A89A1252-3F50-4F7E-ACBC-DAA46F4F7BFF}.Debug|Mixed Platforms.ActiveCfg = Debug|Any CPU
		{A89A1252-3F50-4F7E-ACBC-DAA46F4F7BFF}.Debug|Mixed Platforms.Build.0 = Debug|Any CPU
		{A89A1252-3F50-4F7E-ACBC-DAA46F4F7BFF}.Debug|x86.ActiveCfg = Debug|Any CPU
		{A89A1252-3F50-4F7E-ACBC-DAA46F4F7BFF}.Release|Any CPU.ActiveCfg = Release|Any CPU
		{A89A1252-3F50-4F7E-ACBC-DAA46F4F7BFF}.Release|Any CPU.Build.0 = Release|Any CPU
		{A89A1252-3F50-4F7E-ACBC-DAA46F4F7BFF}.Release|Mixed Platforms.ActiveCfg = Release|Any CPU
		{A89A1252-3F50-4F7E-ACBC-DAA46F4F7BFF}.Release|Mixed Platforms.Build.0 = Release|Any CPU
		{A89A1252-3F50-4F7E-ACBC-DAA46F4F7BFF}.Release|x86.ActiveCfg = Release|Any CPU
		{67D11ED1-BC0D-4BCA-80CE-C66B709CF14D}.Debug|Any CPU.ActiveCfg = Debug|Any CPU
		{67D11ED1-BC0D-4BCA-80CE-C66B709CF14D}.Debug|Any CPU.Build.0 = Debug|Any CPU
		{67D11ED1-BC0D-4BCA-80CE-C66B709CF14D}.Debug|Mixed Platforms.ActiveCfg = Debug|Any CPU
		{67D11ED1-BC0D-4BCA-80CE-C66B709CF14D}.Debug|Mixed Platforms.Build.0 = Debug|Any CPU
		{67D11ED1-BC0D-4BCA-80CE-C66B709CF14D}.Debug|x86.ActiveCfg = Debug|Any CPU
		{67D11ED1-BC0D-4BCA-80CE-C66B709CF14D}.Release|Any CPU.ActiveCfg = Release|Any CPU
		{67D11ED1-BC0D-4BCA-80CE-C66B709CF14D}.Release|Any CPU.Build.0 = Release|Any CPU
		{67D11ED1-BC0D-4BCA-80CE-C66B709CF14D}.Release|Mixed Platforms.ActiveCfg = Release|Any CPU
		{67D11ED1-BC0D-4BCA-80CE-C66B709CF14D}.Release|Mixed Platforms.Build.0 = Release|Any CPU
		{67D11ED1-BC0D-4BCA-80CE-C66B709CF14D}.Release|x86.ActiveCfg = Release|Any CPU
	EndGlobalSection
	GlobalSection(SolutionProperties) = preSolution
		HideSolutionNode = FALSE
	EndGlobalSection
EndGlobal
