
Microsoft Visual Studio Solution File, Format Version 11.00
# Visual Studio 2010
Project("{FAE04EC0-301F-11D3-BF4B-00C04F79EFBC}") = "Northwind.UI.WPF", "Northwind.UI.WPF.csproj", "{C43A0A25-4A70-48BC-A5A1-7BF44B81AB98}"
EndProject
Project("{FAE04EC0-301F-11D3-BF4B-00C04F79EFBC}") = "Northwind.ViewModel", "..\Northwind.ViewModel\Northwind.ViewModel.csproj", "{CD005BE8-B2CB-4AE1-B5ED-30F4644885AE}"
EndProject
Project("{FAE04EC0-301F-11D3-BF4B-00C04F79EFBC}") = "Northwind.Data", "..\Northwind.Data\Northwind.Data.csproj", "{A89A1252-3F50-4F7E-ACBC-DAA46F4F7BFF}"
EndProject
Project("{FAE04EC0-301F-11D3-BF4B-00C04F79EFBC}") = "Northwind.Application", "..\Northwind.Application\Northwind.Application.csproj", "{67D11ED1-BC0D-4BCA-80CE-C66B709CF14D}"
EndProject
Project("{FAE04EC0-301F-11D3-BF4B-00C04F79EFBC}") = "Northwind.ViewModel.Tests", "..\Northwind.ViewModel.Tests\Northwind.ViewModel.Tests.csproj", "{54F9B116-E5B5-405B-9627-9B7E0E203744}"
EndProject
Project("{2150E333-8FDC-42A3-9474-1A3956D46DE8}") = "Solution Items", "Solution Items", "{CF2CA3EA-3333-43AB-833E-AA7E2BBA662F}"
	ProjectSection(SolutionItems) = preProject
		Local.testsettings = Local.testsettings
		Northwind.MVVM.vsmdi = Northwind.MVVM.vsmdi
		TraceAndTestImpact.testsettings = TraceAndTestImpact.testsettings
	EndProjectSection
EndProject
Project("{FAE04EC0-301F-11D3-BF4B-00C04F79EFBC}") = "Northwind.Service", "..\Northwind.Service\Northwind.Service.csproj", "{06A0E55D-FC1B-4F00-822F-199EDAC65540}"
EndProject
Project("{FAE04EC0-301F-11D3-BF4B-00C04F79EFBC}") = "Northwind.Model", "..\Northwind.Model\Northwind.Model.csproj", "{C3B3A884-2957-492B-9B98-13E0ED765F00}"
EndProject
Project("{2150E333-8FDC-42A3-9474-1A3956D46DE8}") = "Tests", "Tests", "{700B9E0D-C431-4D11-9E0C-D6EFDACC8F44}"
EndProject
Project("{FAE04EC0-301F-11D3-BF4B-00C04F79EFBC}") = "Northwind.Application.Tests", "..\Northwind.Application.Tests\Northwind.Application.Tests.csproj", "{67AB8860-9397-4C73-8EE1-5C50A279C816}"
EndProject
Global
	GlobalSection(TestCaseManagementSettings) = postSolution
		CategoryFile = Northwind.MVVM.vsmdi
	EndGlobalSection
	GlobalSection(SolutionConfigurationPlatforms) = preSolution
		Debug|Any CPU = Debug|Any CPU
		Debug|Mixed Platforms = Debug|Mixed Platforms
		Debug|x86 = Debug|x86
		Release|Any CPU = Release|Any CPU
		Release|Mixed Platforms = Release|Mixed Platforms
		Release|x86 = Release|x86
	EndGlobalSection
	GlobalSection(ProjectConfigurationPlatforms) = postSolution
		{C43A0A25-4A70-48BC-A5A1-7BF44B81AB98}.Debug|Any CPU.ActiveCfg = Debug|x86
		{C43A0A25-4A70-48BC-A5A1-7BF44B81AB98}.Debug|Mixed Platforms.ActiveCfg = Debug|x86
		{C43A0A25-4A70-48BC-A5A1-7BF44B81AB98}.Debug|Mixed Platforms.Build.0 = Debug|x86
		{C43A0A25-4A70-48BC-A5A1-7BF44B81AB98}.Debug|x86.ActiveCfg = Debug|x86
		{C43A0A25-4A70-48BC-A5A1-7BF44B81AB98}.Debug|x86.Build.0 = Debug|x86
		{C43A0A25-4A70-48BC-A5A1-7BF44B81AB98}.Release|Any CPU.ActiveCfg = Release|x86
		{C43A0A25-4A70-48BC-A5A1-7BF44B81AB98}.Release|Mixed Platforms.ActiveCfg = Release|x86
		{C43A0A25-4A70-48BC-A5A1-7BF44B81AB98}.Release|Mixed Platforms.Build.0 = Release|x86
		{C43A0A25-4A70-48BC-A5A1-7BF44B81AB98}.Release|x86.ActiveCfg = Release|x86
		{C43A0A25-4A70-48BC-A5A1-7BF44B81AB98}.Release|x86.Build.0 = Release|x86
		{CD005BE8-B2CB-4AE1-B5ED-30F4644885AE}.Debug|Any CPU.ActiveCfg = Debug|Any CPU
		{CD005BE8-B2CB-4AE1-B5ED-30F4644885AE}.Debug|Any CPU.Build.0 = Debug|Any CPU
		{CD005BE8-B2CB-4AE1-B5ED-30F4644885AE}.Debug|Mixed Platforms.ActiveCfg = Debug|Any CPU
		{CD005BE8-B2CB-4AE1-B5ED-30F4644885AE}.Debug|Mixed Platforms.Build.0 = Debug|Any CPU
		{CD005BE8-B2CB-4AE1-B5ED-30F4644885AE}.Debug|x86.ActiveCfg = Debug|Any CPU
		{CD005BE8-B2CB-4AE1-B5ED-30F4644885AE}.Release|Any CPU.ActiveCfg = Release|Any CPU
		{CD005BE8-B2CB-4AE1-B5ED-30F4644885AE}.Release|Any CPU.Build.0 = Release|Any CPU
		{CD005BE8-B2CB-4AE1-B5ED-30F4644885AE}.Release|Mixed Platforms.ActiveCfg = Release|Any CPU
		{CD005BE8-B2CB-4AE1-B5ED-30F4644885AE}.Release|Mixed Platforms.Build.0 = Release|Any CPU
		{CD005BE8-B2CB-4AE1-B5ED-30F4644885AE}.Release|x86.ActiveCfg = Release|Any CPU
		{A89A1252-3F50-4F7E-ACBC-DAA46F4F7BFF}.Debug|Any CPU.ActiveCfg = Debug|Any CPU
		{A89A1252-3F50-4F7E-ACBC-DAA46F4F7BFF}.Debug|Any CPU.Build.0 = Debug|Any CPU
		{A89A1252-3F50-4F7E-ACBC-DAA46F4F7BFF}.Debug|Mixed Platforms.ActiveCfg = Debug|Any CPU
		{A89A1252-3F50-4F7E-ACBC-DAA46F4F7BFF}.Debug|Mixed Platforms.Build.0 = Debug|Any CPU
		{A89A1252-3F50-4F7E-ACBC-DAA46F4F7BFF}.Debug|x86.ActiveCfg = Debug|Any CPU
		{A89A1252-3F50-4F7E-ACBC-DAA46F4F7BFF}.Release|Any CPU.ActiveCfg = Release|Any CPU
		{A89A1252-3F50-4F7E-ACBC-DAA46F4F7BFF}.Release|Any CPU.Build.0 = Release|Any CPU
		{A89A1252-3F50-4F7E-ACBC-DAA46F4F7BFF}.Release|Mixed Platforms.ActiveCfg = Release|Any CPU
		{A89A1252-3F50-4F7E-ACBC-DAA46F4F7BFF}.Release|Mixed Platforms.Build.0 = Release|Any CPU
		{A89A1252-3F50-4F7E-ACBC-DAA46F4F7BFF}.Release|x86.ActiveCfg = Release|Any CPU
		{67D11ED1-BC0D-4BCA-80CE-C66B709CF14D}.Debug|Any CPU.ActiveCfg = Debug|Any CPU
		{67D11ED1-BC0D-4BCA-80CE-C66B709CF14D}.Debug|Any CPU.Build.0 = Debug|Any CPU
		{67D11ED1-BC0D-4BCA-80CE-C66B709CF14D}.Debug|Mixed Platforms.ActiveCfg = Debug|Any CPU
		{67D11ED1-BC0D-4BCA-80CE-C66B709CF14D}.Debug|Mixed Platforms.Build.0 = Debug|Any CPU
		{67D11ED1-BC0D-4BCA-80CE-C66B709CF14D}.Debug|x86.ActiveCfg = Debug|Any CPU
		{67D11ED1-BC0D-4BCA-80CE-C66B709CF14D}.Release|Any CPU.ActiveCfg = Release|Any CPU
		{67D11ED1-BC0D-4BCA-80CE-C66B709CF14D}.Release|Any CPU.Build.0 = Release|Any CPU
		{67D11ED1-BC0D-4BCA-80CE-C66B709CF14D}.Release|Mixed Platforms.ActiveCfg = Release|Any CPU
		{67D11ED1-BC0D-4BCA-80CE-C66B709CF14D}.Release|Mixed Platforms.Build.0 = Release|Any CPU
		{67D11ED1-BC0D-4BCA-80CE-C66B709CF14D}.Release|x86.ActiveCfg = Release|Any CPU
		{54F9B116-E5B5-405B-9627-9B7E0E203744}.Debug|Any CPU.ActiveCfg = Debug|Any CPU
		{54F9B116-E5B5-405B-9627-9B7E0E203744}.Debug|Any CPU.Build.0 = Debug|Any CPU
		{54F9B116-E5B5-405B-9627-9B7E0E203744}.Debug|Mixed Platforms.ActiveCfg = Debug|Any CPU
		{54F9B116-E5B5-405B-9627-9B7E0E203744}.Debug|Mixed Platforms.Build.0 = Debug|Any CPU
		{54F9B116-E5B5-405B-9627-9B7E0E203744}.Debug|x86.ActiveCfg = Debug|Any CPU
		{54F9B116-E5B5-405B-9627-9B7E0E203744}.Release|Any CPU.ActiveCfg = Release|Any CPU
		{54F9B116-E5B5-405B-9627-9B7E0E203744}.Release|Any CPU.Build.0 = Release|Any CPU
		{54F9B116-E5B5-405B-9627-9B7E0E203744}.Release|Mixed Platforms.ActiveCfg = Release|Any CPU
		{54F9B116-E5B5-405B-9627-9B7E0E203744}.Release|Mixed Platforms.Build.0 = Release|Any CPU
		{54F9B116-E5B5-405B-9627-9B7E0E203744}.Release|x86.ActiveCfg = Release|Any CPU
		{06A0E55D-FC1B-4F00-822F-199EDAC65540}.Debug|Any CPU.ActiveCfg = Debug|Any CPU
		{06A0E55D-FC1B-4F00-822F-199EDAC65540}.Debug|Any CPU.Build.0 = Debug|Any CPU
		{06A0E55D-FC1B-4F00-822F-199EDAC65540}.Debug|Mixed Platforms.ActiveCfg = Debug|Any CPU
		{06A0E55D-FC1B-4F00-822F-199EDAC65540}.Debug|Mixed Platforms.Build.0 = Debug|Any CPU
		{06A0E55D-FC1B-4F00-822F-199EDAC65540}.Debug|x86.ActiveCfg = Debug|Any CPU
		{06A0E55D-FC1B-4F00-822F-199EDAC65540}.Release|Any CPU.ActiveCfg = Release|Any CPU
		{06A0E55D-FC1B-4F00-822F-199EDAC65540}.Release|Any CPU.Build.0 = Release|Any CPU
		{06A0E55D-FC1B-4F00-822F-199EDAC65540}.Release|Mixed Platforms.ActiveCfg = Release|Any CPU
		{06A0E55D-FC1B-4F00-822F-199EDAC65540}.Release|Mixed Platforms.Build.0 = Release|Any CPU
		{06A0E55D-FC1B-4F00-822F-199EDAC65540}.Release|x86.ActiveCfg = Release|Any CPU
		{C3B3A884-2957-492B-9B98-13E0ED765F00}.Debug|Any CPU.ActiveCfg = Debug|Any CPU
		{C3B3A884-2957-492B-9B98-13E0ED765F00}.Debug|Any CPU.Build.0 = Debug|Any CPU
		{C3B3A884-2957-492B-9B98-13E0ED765F00}.Debug|Mixed Platforms.ActiveCfg = Debug|Any CPU
		{C3B3A884-2957-492B-9B98-13E0ED765F00}.Debug|Mixed Platforms.Build.0 = Debug|Any CPU
		{C3B3A884-2957-492B-9B98-13E0ED765F00}.Debug|x86.ActiveCfg = Debug|Any CPU
		{C3B3A884-2957-492B-9B98-13E0ED765F00}.Release|Any CPU.ActiveCfg = Release|Any CPU
		{C3B3A884-2957-492B-9B98-13E0ED765F00}.Release|Any CPU.Build.0 = Release|Any CPU
		{C3B3A884-2957-492B-9B98-13E0ED765F00}.Release|Mixed Platforms.ActiveCfg = Release|Any CPU
		{C3B3A884-2957-492B-9B98-13E0ED765F00}.Release|Mixed Platforms.Build.0 = Release|Any CPU
		{C3B3A884-2957-492B-9B98-13E0ED765F00}.Release|x86.ActiveCfg = Release|Any CPU
		{67AB8860-9397-4C73-8EE1-5C50A279C816}.Debug|Any CPU.ActiveCfg = Debug|Any CPU
		{67AB8860-9397-4C73-8EE1-5C50A279C816}.Debug|Any CPU.Build.0 = Debug|Any CPU
		{67AB8860-9397-4C73-8EE1-5C50A279C816}.Debug|Mixed Platforms.ActiveCfg = Debug|Any CPU
		{67AB8860-9397-4C73-8EE1-5C50A279C816}.Debug|Mixed Platforms.Build.0 = Debug|Any CPU
		{67AB8860-9397-4C73-8EE1-5C50A279C816}.Debug|x86.ActiveCfg = Debug|Any CPU
		{67AB8860-9397-4C73-8EE1-5C50A279C816}.Release|Any CPU.ActiveCfg = Release|Any CPU
		{67AB8860-9397-4C73-8EE1-5C50A279C816}.Release|Any CPU.Build.0 = Release|Any CPU
		{67AB8860-9397-4C73-8EE1-5C50A279C816}.Release|Mixed Platforms.ActiveCfg = Release|Any CPU
		{67AB8860-9397-4C73-8EE1-5C50A279C816}.Release|Mixed Platforms.Build.0 = Release|Any CPU
		{67AB8860-9397-4C73-8EE1-5C50A279C816}.Release|x86.ActiveCfg = Release|Any CPU
	EndGlobalSection
	GlobalSection(SolutionProperties) = preSolution
		HideSolutionNode = FALSE
	EndGlobalSection
	GlobalSection(NestedProjects) = preSolution
		{54F9B116-E5B5-405B-9627-9B7E0E203744} = {700B9E0D-C431-4D11-9E0C-D6EFDACC8F44}
		{67AB8860-9397-4C73-8EE1-5C50A279C816} = {700B9E0D-C431-4D11-9E0C-D6EFDACC8F44}
	EndGlobalSection
EndGlobal
